// !$*UTF8*$!
{
	archiveVersion = 1;
	classes = {
	};
	objectVersion = 51;
	objects = {

/* Begin PBXBuildFile section */
		20CAEC055765FCAB21E9DC2E /* Pods_Project_Movie.framework in Frameworks */ = {isa = PBXBuildFile; fileRef = 31DAEF678226183A74F8A8FA /* Pods_Project_Movie.framework */; };
		3F7EA6752794AC6400C6EC5E /* WecomeModels.swift in Sources */ = {isa = PBXBuildFile; fileRef = 3F7EA6742794AC6400C6EC5E /* WecomeModels.swift */; };
		3FEB2F32270275DA006BF848 /* AppDelegate.swift in Sources */ = {isa = PBXBuildFile; fileRef = 3FEB2F31270275DA006BF848 /* AppDelegate.swift */; };
		3FEB2F34270275DA006BF848 /* SceneDelegate.swift in Sources */ = {isa = PBXBuildFile; fileRef = 3FEB2F33270275DA006BF848 /* SceneDelegate.swift */; };
		3FEB2F36270275DA006BF848 /* ViewController.swift in Sources */ = {isa = PBXBuildFile; fileRef = 3FEB2F35270275DA006BF848 /* ViewController.swift */; };
		3FEB2F39270275DA006BF848 /* Main.storyboard in Resources */ = {isa = PBXBuildFile; fileRef = 3FEB2F37270275DA006BF848 /* Main.storyboard */; };
		3FEB2F3B270275FF006BF848 /* Assets.xcassets in Resources */ = {isa = PBXBuildFile; fileRef = 3FEB2F3A270275FF006BF848 /* Assets.xcassets */; };
		3FEB2F3E270275FF006BF848 /* LaunchScreen.storyboard in Resources */ = {isa = PBXBuildFile; fileRef = 3FEB2F3C270275FF006BF848 /* LaunchScreen.storyboard */; };
		3FEB2F5027027D3E006BF848 /* MovieTableViewCell.swift in Sources */ = {isa = PBXBuildFile; fileRef = 3FEB2F4E27027D3E006BF848 /* MovieTableViewCell.swift */; };
		3FEB2F5127027D3E006BF848 /* MovieTableViewCell.xib in Resources */ = {isa = PBXBuildFile; fileRef = 3FEB2F4F27027D3E006BF848 /* MovieTableViewCell.xib */; };
		3FEB2F552702956C006BF848 /* Network.swift in Sources */ = {isa = PBXBuildFile; fileRef = 3FEB2F542702956C006BF848 /* Network.swift */; };
/* End PBXBuildFile section */

/* Begin PBXFileReference section */
		31DAEF678226183A74F8A8FA /* Pods_Project_Movie.framework */ = {isa = PBXFileReference; explicitFileType = wrapper.framework; includeInIndex = 0; path = Pods_Project_Movie.framework; sourceTree = BUILT_PRODUCTS_DIR; };
		3F7EA6742794AC6400C6EC5E /* WecomeModels.swift */ = {isa = PBXFileReference; lastKnownFileType = sourcecode.swift; path = WecomeModels.swift; sourceTree = "<group>"; };
		3FEB2F2E270275DA006BF848 /* Project-Movie.app */ = {isa = PBXFileReference; explicitFileType = wrapper.application; includeInIndex = 0; path = "Project-Movie.app"; sourceTree = BUILT_PRODUCTS_DIR; };
		3FEB2F31270275DA006BF848 /* AppDelegate.swift */ = {isa = PBXFileReference; lastKnownFileType = sourcecode.swift; path = AppDelegate.swift; sourceTree = "<group>"; };
		3FEB2F33270275DA006BF848 /* SceneDelegate.swift */ = {isa = PBXFileReference; lastKnownFileType = sourcecode.swift; path = SceneDelegate.swift; sourceTree = "<group>"; };
		3FEB2F35270275DA006BF848 /* ViewController.swift */ = {isa = PBXFileReference; lastKnownFileType = sourcecode.swift; path = ViewController.swift; sourceTree = "<group>"; };
		3FEB2F38270275DA006BF848 /* Base */ = {isa = PBXFileReference; lastKnownFileType = file.storyboard; name = Base; path = Base.lproj/Main.storyboard; sourceTree = "<group>"; };
		3FEB2F3A270275FF006BF848 /* Assets.xcassets */ = {isa = PBXFileReference; lastKnownFileType = folder.assetcatalog; path = Assets.xcassets; sourceTree = "<group>"; };
		3FEB2F3D270275FF006BF848 /* Base */ = {isa = PBXFileReference; lastKnownFileType = file.storyboard; name = Base; path = Base.lproj/LaunchScreen.storyboard; sourceTree = "<group>"; };
		3FEB2F3F270275FF006BF848 /* Info.plist */ = {isa = PBXFileReference; lastKnownFileType = text.plist.xml; path = Info.plist; sourceTree = "<group>"; };
		3FEB2F4E27027D3E006BF848 /* MovieTableViewCell.swift */ = {isa = PBXFileReference; lastKnownFileType = sourcecode.swift; path = MovieTableViewCell.swift; sourceTree = "<group>"; };
		3FEB2F4F27027D3E006BF848 /* MovieTableViewCell.xib */ = {isa = PBXFileReference; lastKnownFileType = file.xib; path = MovieTableViewCell.xib; sourceTree = "<group>"; };
		3FEB2F542702956C006BF848 /* Network.swift */ = {isa = PBXFileReference; lastKnownFileType = sourcecode.swift; path = Network.swift; sourceTree = "<group>"; };
		6BE53FEB2E715EAA0FD7D964 /* Pods-Project-Movie.release.xcconfig */ = {isa = PBXFileReference; includeInIndex = 1; lastKnownFileType = text.xcconfig; name = "Pods-Project-Movie.release.xcconfig"; path = "Target Support Files/Pods-Project-Movie/Pods-Project-Movie.release.xcconfig"; sourceTree = "<group>"; };
		C0D13CA39BFB8F30E3170C6F /* Pods-Project-Movie.debug.xcconfig */ = {isa = PBXFileReference; includeInIndex = 1; lastKnownFileType = text.xcconfig; name = "Pods-Project-Movie.debug.xcconfig"; path = "Target Support Files/Pods-Project-Movie/Pods-Project-Movie.debug.xcconfig"; sourceTree = "<group>"; };
/* End PBXFileReference section */

/* Begin PBXFrameworksBuildPhase section */
		3FEB2F2B270275DA006BF848 /* Frameworks */ = {
			isa = PBXFrameworksBuildPhase;
			buildActionMask = 2147483647;
			files = (
				20CAEC055765FCAB21E9DC2E /* Pods_Project_Movie.framework in Frameworks */,
			);
			runOnlyForDeploymentPostprocessing = 0;
		};
/* End PBXFrameworksBuildPhase section */

/* Begin PBXGroup section */
		24654040783127ABA53ED692 /* Frameworks */ = {
			isa = PBXGroup;
			children = (
				31DAEF678226183A74F8A8FA /* Pods_Project_Movie.framework */,
			);
			name = Frameworks;
			sourceTree = "<group>";
		};
		3C9934F8C3183B562823ECA8 /* Pods */ = {
			isa = PBXGroup;
			children = (
				C0D13CA39BFB8F30E3170C6F /* Pods-Project-Movie.debug.xcconfig */,
				6BE53FEB2E715EAA0FD7D964 /* Pods-Project-Movie.release.xcconfig */,
			);
			path = Pods;
			sourceTree = "<group>";
		};
		3F7EA676279501E800C6EC5E /* Cells */ = {
			isa = PBXGroup;
			children = (
				3FEB2F4E27027D3E006BF848 /* MovieTableViewCell.swift */,
				3FEB2F4F27027D3E006BF848 /* MovieTableViewCell.xib */,
			);
			path = Cells;
			sourceTree = "<group>";
		};
		3FEB2F25270275DA006BF848 = {
			isa = PBXGroup;
			children = (
				3FEB2F30270275DA006BF848 /* Project-Movie */,
				3FEB2F2F270275DA006BF848 /* Products */,
				3C9934F8C3183B562823ECA8 /* Pods */,
				24654040783127ABA53ED692 /* Frameworks */,
			);
			sourceTree = "<group>";
		};
		3FEB2F2F270275DA006BF848 /* Products */ = {
			isa = PBXGroup;
			children = (
				3FEB2F2E270275DA006BF848 /* Project-Movie.app */,
			);
			name = Products;
			sourceTree = "<group>";
		};
		3FEB2F30270275DA006BF848 /* Project-Movie */ = {
			isa = PBXGroup;
			children = (
				3FEB2F4D27027C55006BF848 /* Network */,
				3FEB2F482702782C006BF848 /* Model */,
				3FEB2F47270277EF006BF848 /* ViewModel */,
				3FEB2F45270277D3006BF848 /* View */,
				3F7EA676279501E800C6EC5E /* Cells */,
				3FEB2F31270275DA006BF848 /* AppDelegate.swift */,
				3FEB2F33270275DA006BF848 /* SceneDelegate.swift */,
				3FEB2F3A270275FF006BF848 /* Assets.xcassets */,
				3FEB2F3C270275FF006BF848 /* LaunchScreen.storyboard */,
				3FEB2F3F270275FF006BF848 /* Info.plist */,
			);
			path = "Project-Movie";
			sourceTree = "<group>";
		};
		3FEB2F45270277D3006BF848 /* View */ = {
			isa = PBXGroup;
			children = (
				3FEB2F37270275DA006BF848 /* Main.storyboard */,
			);
			path = View;
			sourceTree = "<group>";
		};
		3FEB2F47270277EF006BF848 /* ViewModel */ = {
			isa = PBXGroup;
			children = (
				3FEB2F35270275DA006BF848 /* ViewController.swift */,
			);
			path = ViewModel;
			sourceTree = "<group>";
		};
		3FEB2F482702782C006BF848 /* Model */ = {
			isa = PBXGroup;
			children = (
				3F7EA6742794AC6400C6EC5E /* WecomeModels.swift */,
			);
			path = Model;
			sourceTree = "<group>";
		};
		3FEB2F4D27027C55006BF848 /* Network */ = {
			isa = PBXGroup;
			children = (
				3FEB2F542702956C006BF848 /* Network.swift */,
			);
			path = Network;
			sourceTree = "<group>";
		};
/* End PBXGroup section */

/* Begin PBXNativeTarget section */
		3FEB2F2D270275DA006BF848 /* Project-Movie */ = {
			isa = PBXNativeTarget;
			buildConfigurationList = 3FEB2F42270275FF006BF848 /* Build configuration list for PBXNativeTarget "Project-Movie" */;
			buildPhases = (
				19D25326D0C49E409FD1754C /* [CP] Check Pods Manifest.lock */,
				3FEB2F2A270275DA006BF848 /* Sources */,
				3FEB2F2B270275DA006BF848 /* Frameworks */,
				3FEB2F2C270275DA006BF848 /* Resources */,
				90F0C42157EC835299C16B45 /* [CP] Embed Pods Frameworks */,
			);
			buildRules = (
			);
			dependencies = (
			);
			name = "Project-Movie";
			productName = "Project-Movie";
			productReference = 3FEB2F2E270275DA006BF848 /* Project-Movie.app */;
			productType = "com.apple.product-type.application";
		};
/* End PBXNativeTarget section */

/* Begin PBXProject section */
		3FEB2F26270275DA006BF848 /* Project object */ = {
			isa = PBXProject;
			attributes = {
				LastSwiftUpdateCheck = 1250;
				LastUpgradeCheck = 1250;
				TargetAttributes = {
					3FEB2F2D270275DA006BF848 = {
						CreatedOnToolsVersion = 12.5;
					};
				};
			};
			buildConfigurationList = 3FEB2F29270275DA006BF848 /* Build configuration list for PBXProject "Project-Movie" */;
			compatibilityVersion = "Xcode 9.3";
			developmentRegion = en;
			hasScannedForEncodings = 0;
			knownRegions = (
				en,
				Base,
			);
			mainGroup = 3FEB2F25270275DA006BF848;
			productRefGroup = 3FEB2F2F270275DA006BF848 /* Products */;
			projectDirPath = "";
			projectRoot = "";
			targets = (
				3FEB2F2D270275DA006BF848 /* Project-Movie */,
			);
		};
/* End PBXProject section */

/* Begin PBXResourcesBuildPhase section */
		3FEB2F2C270275DA006BF848 /* Resources */ = {
			isa = PBXResourcesBuildPhase;
			buildActionMask = 2147483647;
			files = (
				3FEB2F3E270275FF006BF848 /* LaunchScreen.storyboard in Resources */,
				3FEB2F5127027D3E006BF848 /* MovieTableViewCell.xib in Resources */,
				3FEB2F3B270275FF006BF848 /* Assets.xcassets in Resources */,
				3FEB2F39270275DA006BF848 /* Main.storyboard in Resources */,
			);
			runOnlyForDeploymentPostprocessing = 0;
		};
/* End PBXResourcesBuildPhase section */

/* Begin PBXShellScriptBuildPhase section */
		19D25326D0C49E409FD1754C /* [CP] Check Pods Manifest.lock */ = {
			isa = PBXShellScriptBuildPhase;
			buildActionMask = 2147483647;
			files = (
			);
			inputFileListPaths = (
			);
			inputPaths = (
				"${PODS_PODFILE_DIR_PATH}/Podfile.lock",
				"${PODS_ROOT}/Manifest.lock",
			);
			name = "[CP] Check Pods Manifest.lock";
			outputFileListPaths = (
			);
			outputPaths = (
				"$(DERIVED_FILE_DIR)/Pods-Project-Movie-checkManifestLockResult.txt",
			);
			runOnlyForDeploymentPostprocessing = 0;
			shellPath = /bin/sh;
			shellScript = "diff \"${PODS_PODFILE_DIR_PATH}/Podfile.lock\" \"${PODS_ROOT}/Manifest.lock\" > /dev/null\nif [ $? != 0 ] ; then\n    # print error to STDERR\n    echo \"error: The sandbox is not in sync with the Podfile.lock. Run 'pod install' or update your CocoaPods installation.\" >&2\n    exit 1\nfi\n# This output is used by Xcode 'outputs' to avoid re-running this script phase.\necho \"SUCCESS\" > \"${SCRIPT_OUTPUT_FILE_0}\"\n";
			showEnvVarsInLog = 0;
		};
		90F0C42157EC835299C16B45 /* [CP] Embed Pods Frameworks */ = {
			isa = PBXShellScriptBuildPhase;
			buildActionMask = 2147483647;
			files = (
			);
			inputFileListPaths = (
				"${PODS_ROOT}/Target Support Files/Pods-Project-Movie/Pods-Project-Movie-frameworks-${CONFIGURATION}-input-files.xcfilelist",
			);
			name = "[CP] Embed Pods Frameworks";
			outputFileListPaths = (
				"${PODS_ROOT}/Target Support Files/Pods-Project-Movie/Pods-Project-Movie-frameworks-${CONFIGURATION}-output-files.xcfilelist",
			);
			runOnlyForDeploymentPostprocessing = 0;
			shellPath = /bin/sh;
			shellScript = "\"${PODS_ROOT}/Target Support Files/Pods-Project-Movie/Pods-Project-Movie-frameworks.sh\"\n";
			showEnvVarsInLog = 0;
		};
/* End PBXShellScriptBuildPhase section */

/* Begin PBXSourcesBuildPhase section */
		3FEB2F2A270275DA006BF848 /* Sources */ = {
			isa = PBXSourcesBuildPhase;
			buildActionMask = 2147483647;
			files = (
				3F7EA6752794AC6400C6EC5E /* WecomeModels.swift in Sources */,
				3FEB2F5027027D3E006BF848 /* MovieTableViewCell.swift in Sources */,
				3FEB2F552702956C006BF848 /* Network.swift in Sources */,
				3FEB2F36270275DA006BF848 /* ViewController.swift in Sources */,
				3FEB2F32270275DA006BF848 /* AppDelegate.swift in Sources */,
				3FEB2F34270275DA006BF848 /* SceneDelegate.swift in Sources */,
			);
			runOnlyForDeploymentPostprocessing = 0;
		};
/* End PBXSourcesBuildPhase section */

/* Begin PBXVariantGroup section */
		3FEB2F37270275DA006BF848 /* Main.storyboard */ = {
			isa = PBXVariantGroup;
			children = (
				3FEB2F38270275DA006BF848 /* Base */,
			);
			name = Main.storyboard;
			sourceTree = "<group>";
		};
		3FEB2F3C270275FF006BF848 /* LaunchScreen.storyboard */ = {
			isa = PBXVariantGroup;
			children = (
				3FEB2F3D270275FF006BF848 /* Base */,
			);
			name = LaunchScreen.storyboard;
			sourceTree = "<group>";
		};
/* End PBXVariantGroup section */

/* Begin XCBuildConfiguration section */
		3FEB2F40270275FF006BF848 /* Debug */ = {
			isa = XCBuildConfiguration;
			buildSettings = {
				ALWAYS_SEARCH_USER_PATHS = NO;
				CLANG_ANALYZER_NONNULL = YES;
				CLANG_ANALYZER_NUMBER_OBJECT_CONVERSION = YES_AGGRESSIVE;
				CLANG_CXX_LANGUAGE_STANDARD = "gnu++14";
				CLANG_CXX_LIBRARY = "libc++";
				CLANG_ENABLE_MODULES = YES;
				CLANG_ENABLE_OBJC_ARC = YES;
				CLANG_ENABLE_OBJC_WEAK = YES;
				CLANG_WARN_BLOCK_CAPTURE_AUTORELEASING = YES;
				CLANG_WARN_BOOL_CONVERSION = YES;
				CLANG_WARN_COMMA = YES;
				CLANG_WARN_CONSTANT_CONVERSION = YES;
				CLANG_WARN_DEPRECATED_OBJC_IMPLEMENTATIONS = YES;
				CLANG_WARN_DIRECT_OBJC_ISA_USAGE = YES_ERROR;
				CLANG_WARN_DOCUMENTATION_COMMENTS = YES;
				CLANG_WARN_EMPTY_BODY = YES;
				CLANG_WARN_ENUM_CONVERSION = YES;
				CLANG_WARN_INFINITE_RECURSION = YES;
				CLANG_WARN_INT_CONVERSION = YES;
				CLANG_WARN_NON_LITERAL_NULL_CONVERSION = YES;
				CLANG_WARN_OBJC_IMPLICIT_RETAIN_SELF = YES;
				CLANG_WARN_OBJC_LITERAL_CONVERSION = YES;
				CLANG_WARN_OBJC_ROOT_CLASS = YES_ERROR;
				CLANG_WARN_QUOTED_INCLUDE_IN_FRAMEWORK_HEADER = YES;
				CLANG_WARN_RANGE_LOOP_ANALYSIS = YES;
				CLANG_WARN_STRICT_PROTOTYPES = YES;
				CLANG_WARN_SUSPICIOUS_MOVE = YES;
				CLANG_WARN_UNGUARDED_AVAILABILITY = YES_AGGRESSIVE;
				CLANG_WARN_UNREACHABLE_CODE = YES;
				CLANG_WARN__DUPLICATE_METHOD_MATCH = YES;
				COPY_PHASE_STRIP = NO;
				DEBUG_INFORMATION_FORMAT = dwarf;
				ENABLE_STRICT_OBJC_MSGSEND = YES;
				ENABLE_TESTABILITY = YES;
				GCC_C_LANGUAGE_STANDARD = gnu11;
				GCC_DYNAMIC_NO_PIC = NO;
				GCC_NO_COMMON_BLOCKS = YES;
				GCC_OPTIMIZATION_LEVEL = 0;
				GCC_PREPROCESSOR_DEFINITIONS = (
					"DEBUG=1",
					"$(inherited)",
				);
				GCC_WARN_64_TO_32_BIT_CONVERSION = YES;
				GCC_WARN_ABOUT_RETURN_TYPE = YES_ERROR;
				GCC_WARN_UNDECLARED_SELECTOR = YES;
				GCC_WARN_UNINITIALIZED_AUTOS = YES_AGGRESSIVE;
				GCC_WARN_UNUSED_FUNCTION = YES;
				GCC_WARN_UNUSED_VARIABLE = YES;
				IPHONEOS_DEPLOYMENT_TARGET = 14.5;
				MTL_ENABLE_DEBUG_INFO = INCLUDE_SOURCE;
				MTL_FAST_MATH = YES;
				ONLY_ACTIVE_ARCH = YES;
				SDKROOT = iphoneos;
				SWIFT_ACTIVE_COMPILATION_CONDITIONS = DEBUG;
				SWIFT_OPTIMIZATION_LEVEL = "-Onone";
			};
			name = Debug;
		};
		3FEB2F41270275FF006BF848 /* Release */ = {
			isa = XCBuildConfiguration;
			buildSettings = {
				ALWAYS_SEARCH_USER_PATHS = NO;
				CLANG_ANALYZER_NONNULL = YES;
				CLANG_ANALYZER_NUMBER_OBJECT_CONVERSION = YES_AGGRESSIVE;
				CLANG_CXX_LANGUAGE_STANDARD = "gnu++14";
				CLANG_CXX_LIBRARY = "libc++";
				CLANG_ENABLE_MODULES = YES;
				CLANG_ENABLE_OBJC_ARC = YES;
				CLANG_ENABLE_OBJC_WEAK = YES;
				CLANG_WARN_BLOCK_CAPTURE_AUTORELEASING = YES;
				CLANG_WARN_BOOL_CONVERSION = YES;
				CLANG_WARN_COMMA = YES;
				CLANG_WARN_CONSTANT_CONVERSION = YES;
				CLANG_WARN_DEPRECATED_OBJC_IMPLEMENTATIONS = YES;
				CLANG_WARN_DIRECT_OBJC_ISA_USAGE = YES_ERROR;
				CLANG_WARN_DOCUMENTATION_COMMENTS = YES;
				CLANG_WARN_EMPTY_BODY = YES;
				CLANG_WARN_ENUM_CONVERSION = YES;
				CLANG_WARN_INFINITE_RECURSION = YES;
				CLANG_WARN_INT_CONVERSION = YES;
				CLANG_WARN_NON_LITERAL_NULL_CONVERSION = YES;
				CLANG_WARN_OBJC_IMPLICIT_RETAIN_SELF = YES;
				CLANG_WARN_OBJC_LITERAL_CONVERSION = YES;
				CLANG_WARN_OBJC_ROOT_CLASS = YES_ERROR;
				CLANG_WARN_QUOTED_INCLUDE_IN_FRAMEWORK_HEADER = YES;
				CLANG_WARN_RANGE_LOOP_ANALYSIS = YES;
				CLANG_WARN_STRICT_PROTOTYPES = YES;
				CLANG_WARN_SUSPICIOUS_MOVE = YES;
				CLANG_WARN_UNGUARDED_AVAILABILITY = YES_AGGRESSIVE;
				CLANG_WARN_UNREACHABLE_CODE = YES;
				CLANG_WARN__DUPLICATE_METHOD_MATCH = YES;
				COPY_PHASE_STRIP = NO;
				DEBUG_INFORMATION_FORMAT = "dwarf-with-dsym";
				ENABLE_NS_ASSERTIONS = NO;
				ENABLE_STRICT_OBJC_MSGSEND = YES;
				GCC_C_LANGUAGE_STANDARD = gnu11;
				GCC_NO_COMMON_BLOCKS = YES;
				GCC_WARN_64_TO_32_BIT_CONVERSION = YES;
				GCC_WARN_ABOUT_RETURN_TYPE = YES_ERROR;
				GCC_WARN_UNDECLARED_SELECTOR = YES;
				GCC_WARN_UNINITIALIZED_AUTOS = YES_AGGRESSIVE;
				GCC_WARN_UNUSED_FUNCTION = YES;
				GCC_WARN_UNUSED_VARIABLE = YES;
				IPHONEOS_DEPLOYMENT_TARGET = 14.5;
				MTL_ENABLE_DEBUG_INFO = NO;
				MTL_FAST_MATH = YES;
				SDKROOT = iphoneos;
				SWIFT_COMPILATION_MODE = wholemodule;
				SWIFT_OPTIMIZATION_LEVEL = "-O";
				VALIDATE_PRODUCT = YES;
			};
			name = Release;
		};
		3FEB2F43270275FF006BF848 /* Debug */ = {
			isa = XCBuildConfiguration;
			baseConfigurationReference = C0D13CA39BFB8F30E3170C6F /* Pods-Project-Movie.debug.xcconfig */;
			buildSettings = {
				ASSETCATALOG_COMPILER_APPICON_NAME = AppIcon;
				ASSETCATALOG_COMPILER_GLOBAL_ACCENT_COLOR_NAME = AccentColor;
				CODE_SIGN_STYLE = Automatic;
				INFOPLIST_FILE = "Project-Movie/Info.plist";
				LD_RUNPATH_SEARCH_PATHS = (
					"$(inherited)",
					"@executable_path/Frameworks",
				);
				PRODUCT_BUNDLE_IDENTIFIER = "Evandro-Minamoto.Project-Movie";
				PRODUCT_NAME = "$(TARGET_NAME)";
				SWIFT_VERSION = 5.0;
				TARGETED_DEVICE_FAMILY = 1;
			};
			name = Debug;
		};
		3FEB2F44270275FF006BF848 /* Release */ = {
			isa = XCBuildConfiguration;
			baseConfigurationReference = 6BE53FEB2E715EAA0FD7D964 /* Pods-Project-Movie.release.xcconfig */;
			buildSettings = {
				ASSETCATALOG_COMPILER_APPICON_NAME = AppIcon;
				ASSETCATALOG_COMPILER_GLOBAL_ACCENT_COLOR_NAME = AccentColor;
				CODE_SIGN_STYLE = Automatic;
				INFOPLIST_FILE = "Project-Movie/Info.plist";
				LD_RUNPATH_SEARCH_PATHS = (
					"$(inherited)",
					"@executable_path/Frameworks",
				);
				PRODUCT_BUNDLE_IDENTIFIER = "Evandro-Minamoto.Project-Movie";
				PRODUCT_NAME = "$(TARGET_NAME)";
				SWIFT_VERSION = 5.0;
				TARGETED_DEVICE_FAMILY = 1;
			};
			name = Release;
		};
/* End XCBuildConfiguration section */

/* Begin XCConfigurationList section */
		3FEB2F29270275DA006BF848 /* Build configuration list for PBXProject "Project-Movie" */ = {
			isa = XCConfigurationList;
			buildConfigurations = (
				3FEB2F40270275FF006BF848 /* Debug */,
				3FEB2F41270275FF006BF848 /* Release */,
			);
			defaultConfigurationIsVisible = 0;
			defaultConfigurationName = Release;
		};
		3FEB2F42270275FF006BF848 /* Build configuration list for PBXNativeTarget "Project-Movie" */ = {
			isa = XCConfigurationList;
			buildConfigurations = (
				3FEB2F43270275FF006BF848 /* Debug */,
				3FEB2F44270275FF006BF848 /* Release */,
			);
			defaultConfigurationIsVisible = 0;
			defaultConfigurationName = Release;
		};
/* End XCConfigurationList section */
	};
	rootObject = 3FEB2F26270275DA006BF848 /* Project object */;
}
